<?xml version="1.0" encoding="utf-8"?>
<Project ToolsVersion="4.0" xmlns="http://schemas.microsoft.com/developer/msbuild/2003">
  <ItemGroup>
    <Filter Include="소스 파일">
      <UniqueIdentifier>{4FC737F1-C7A5-4376-A066-2A32D752A2FF}</UniqueIdentifier>
      <Extensions>cpp;c;cc;cxx;def;odl;idl;hpj;bat;asm;asmx</Extensions>
    </Filter>
    <Filter Include="헤더 파일">
      <UniqueIdentifier>{93995380-89BD-4b04-88EB-625FBE52EBFB}</UniqueIdentifier>
      <Extensions>h;hh;hpp;hxx;hm;inl;inc;xsd</Extensions>
    </Filter>
    <Filter Include="리소스 파일">
      <UniqueIdentifier>{67DA6AB6-F800-4c08-8B7A-83BB121AAD01}</UniqueIdentifier>
      <Extensions>rc;ico;cur;bmp;dlg;rc2;rct;bin;rgs;gif;jpg;jpeg;jpe;resx;tiff;tif;png;wav;mfcribbon-ms</Extensions>
    </Filter>
    <Filter Include="헤더 파일\State">
      <UniqueIdentifier>{d5b959aa-85c9-4232-a12d-80af20cb25fd}</UniqueIdentifier>
    </Filter>
    <Filter Include="소스 파일\State">
      <UniqueIdentifier>{c2421a01-158f-41ec-9f84-b6c20ea2e572}</UniqueIdentifier>
    </Filter>
  </ItemGroup>
  <ItemGroup>
    <ClInclude Include="BaseGameEntity.h">
      <Filter>헤더 파일</Filter>
    </ClInclude>
    <ClInclude Include="Headers.h">
      <Filter>헤더 파일</Filter>
    </ClInclude>
    <ClInclude Include="Tester.h">
      <Filter>헤더 파일</Filter>
    </ClInclude>
    <ClInclude Include="Telegram.h">
      <Filter>헤더 파일</Filter>
    </ClInclude>
    <ClInclude Include="EntityManager.h">
      <Filter>헤더 파일</Filter>
    </ClInclude>
    <ClInclude Include="MessageDispatcher.h">
      <Filter>헤더 파일</Filter>
    </ClInclude>
    <ClInclude Include="EntityNames.h">
      <Filter>헤더 파일</Filter>
    </ClInclude>
    <ClInclude Include="CrudeTimer.h">
      <Filter>헤더 파일</Filter>
    </ClInclude>
    <ClInclude Include="MessageTypes.h">
      <Filter>헤더 파일</Filter>
    </ClInclude>
    <ClInclude Include="GameDevelopCompany.h">
      <Filter>헤더 파일</Filter>
    </ClInclude>
    <ClInclude Include="GameDevelopEmployee.h">
      <Filter>헤더 파일</Filter>
    </ClInclude>
    <ClInclude Include="Locations.h">
      <Filter>헤더 파일</Filter>
    </ClInclude>
    <ClInclude Include="Mood.h">
      <Filter>헤더 파일</Filter>
    </ClInclude>
    <ClInclude Include="GameTimeManager.h">
      <Filter>헤더 파일</Filter>
    </ClInclude>
    <ClInclude Include="GameProgrammerOwnedStates.h">
      <Filter>헤더 파일\State</Filter>
    </ClInclude>
    <ClInclude Include="BossOwnedStates.h">
      <Filter>헤더 파일\State</Filter>
    </ClInclude>
    <ClInclude Include="State.h">
      <Filter>헤더 파일\State</Filter>
    </ClInclude>
    <ClInclude Include="StateMachine.h">
      <Filter>헤더 파일\State</Filter>
    </ClInclude>
    <ClInclude Include="TesterOwnedStates.h">
      <Filter>헤더 파일\State</Filter>
    </ClInclude>
    <ClInclude Include="GameDesignerOwnedStates.h">
      <Filter>헤더 파일\State</Filter>
    </ClInclude>
    <ClInclude Include="GameGraphicArtistOwnedStates.h">
      <Filter>헤더 파일\State</Filter>
    </ClInclude>
  </ItemGroup>
  <ItemGroup>
    <ClCompile Include="BaseGameEntity.cpp">
      <Filter>소스 파일</Filter>
    </ClCompile>
    <ClCompile Include="main.cpp">
      <Filter>소스 파일</Filter>
    </ClCompile>
    <ClCompile Include="Tester.cpp">
      <Filter>소스 파일</Filter>
    </ClCompile>
    <ClCompile Include="EntityManager.cpp">
      <Filter>소스 파일</Filter>
    </ClCompile>
    <ClCompile Include="MessageDispatcher.cpp">
      <Filter>소스 파일</Filter>
    </ClCompile>
    <ClCompile Include="CrudeTimer.cpp">
      <Filter>소스 파일</Filter>
    </ClCompile>
    <ClCompile Include="GameDevelopCompany.cpp">
      <Filter>소스 파일</Filter>
    </ClCompile>
    <ClCompile Include="GameDevelopEmployee.cpp">
      <Filter>소스 파일</Filter>
    </ClCompile>
    <ClCompile Include="EntityNames.cpp">
      <Filter>소스 파일</Filter>
    </ClCompile>
    <ClCompile Include="GameTimeManager.cpp">
      <Filter>소스 파일</Filter>
    </ClCompile>
    <ClCompile Include="Mood.cpp">
      <Filter>소스 파일</Filter>
    </ClCompile>
    <ClCompile Include="BossOwnedStates.cpp">
      <Filter>소스 파일\State</Filter>
    </ClCompile>
    <ClCompile Include="TesterOwnedStates.cpp">
      <Filter>소스 파일\State</Filter>
    </ClCompile>
    <ClCompile Include="GameProgrammerOwnedStates.cpp">
      <Filter>소스 파일\State</Filter>
    </ClCompile>
    <ClCompile Include="GameDesignerOwnedStates.cpp">
      <Filter>소스 파일\State</Filter>
    </ClCompile>
    <ClCompile Include="GameGraphicArtistOwnedStates.cpp">
      <Filter>소스 파일\State</Filter>
    </ClCompile>
  </ItemGroup>
  <ItemGroup>
    <None Include="ClassDiagram.cd" />
  </ItemGroup>
</Project>